{
    "_readme": [
        "This file locks the dependencies of your project to a known state",
        "Read more about it at https://getcomposer.org/doc/01-basic-usage.md#composer-lock-the-lock-file",
        "This file is @generated automatically"
    ],
    "content-hash": "3b88ac9edc26a76c2f3f6efb78c08cb8",
    "packages": [
        {
            "name": "qcloudsms/qcloudsms_php",
            "version": "v0.1.2",
            "source": {
                "type": "git",
                "url": "https://github.com/qcloudsms/qcloudsms_php.git",
                "reference": "8ee474a6836c015d412eabd1b082bae926f5ee02"
            },
            "dist": {
                "type": "zip",
                "url": "https://api.github.com/repos/qcloudsms/qcloudsms_php/zipball/8ee474a6836c015d412eabd1b082bae926f5ee02",
                "reference": "8ee474a6836c015d412eabd1b082bae926f5ee02",
                "shasum": ""
            },
            "require-dev": {
                "sami/sami": "dev-master"
            },
            "type": "library",
            "autoload": {
                "psr-4": {
                    "Qcloud\\Sms\\": "src/"
                }
            },
            "notification-url": "https://packagist.org/downloads/",
            "license": [
                "MIT"
            ],
            "description": "qcloud sms php sdk",
            "keywords": [
                "php",
                "qcloud",
                "sdk",
                "sms"
            ],
            "time": "2018-02-23T06:31:39+00:00"
        }
    ],
    "packages-dev": [],
    "aliases": [],
    "minimum-stability": "dev",
    "stability-flags": [],
    "prefer-stable": false,
    "prefer-lowest": false,
    "platform": [],
    "platform-dev": []
}
